{
  "name": "@exgen/extractor",
  "version": "0.0.1",
  "lockfileVersion": 1,
  "requires": true,
  "dependencies": {
    "@types/jest": {
      "version": "27.4.0",
      "resolved": "https://registry.npmjs.org/@types/jest/-/jest-27.4.0.tgz",
      "integrity": "sha512-gHl8XuC1RZ8H2j5sHv/JqsaxXkDDM9iDOgu0Wp8sjs4u/snb2PVehyWXJPr+ORA0RPpgw231mnutWI1+0hgjIQ==",
      "dev": true,
      "requires": {
        "jest-diff": "^27.0.0",
        "pretty-format": "^27.0.0"
      }
    },
    "@types/node": {
      "version": "17.0.9",
      "resolved": "https://registry.npmjs.org/@types/node/-/node-17.0.9.tgz",
      "integrity": "sha512-5dNBXu/FOER+EXnyah7rn8xlNrfMOQb/qXnw4NQgLkCygKBKhdmF/CA5oXVOKZLBEahw8s2WP9LxIcN/oDDRgQ==",
      "dev": true
    },
    "ansi-regex": {
      "version": "5.0.1",
      "resolved": "https://registry.npmjs.org/ansi-regex/-/ansi-regex-5.0.1.tgz",
      "integrity": "sha512-quJQXlTSUGL2LH9SUXo8VwsY4soanhgo6LNSm84E1LBcE8s3O0wpdiRzyR9z/ZZJMlMWv37qOOb9pdJlMUEKFQ==",
      "dev": true
    },
    "ansi-styles": {
      "version": "4.3.0",
      "resolved": "https://registry.npmjs.org/ansi-styles/-/ansi-styles-4.3.0.tgz",
      "integrity": "sha512-zbB9rCJAT1rbjiVDb2hqKFHNYLxgtk8NURxZ3IZwD3F6NtxbXZQCnnSi1Lkx+IDohdPlFp222wVALIheZJQSEg==",
      "dev": true,
      "requires": {
        "color-convert": "^2.0.1"
      }
    },
    "chalk": {
      "version": "4.1.2",
      "resolved": "https://registry.npmjs.org/chalk/-/chalk-4.1.2.tgz",
      "integrity": "sha512-oKnbhFyRIXpUuez8iBMmyEa4nbj4IOQyuhc/wy9kY7/WVPcwIO9VA668Pu8RkO7+0G76SLROeyw9CpQ061i4mA==",
      "dev": true,
      "requires": {
        "ansi-styles": "^4.1.0",
        "supports-color": "^7.1.0"
      }
    },
    "color-convert": {
      "version": "2.0.1",
      "resolved": "https://registry.npmjs.org/color-convert/-/color-convert-2.0.1.tgz",
      "integrity": "sha512-RRECPsj7iu/xb5oKYcsFHSppFNnsj/52OVTRKb4zP5onXwVF3zVmmToNcOfGC+CRDpfK/U584fMg38ZHCaElKQ==",
      "dev": true,
      "requires": {
        "color-name": "~1.1.4"
      }
    },
    "color-name": {
      "version": "1.1.4",
      "resolved": "https://registry.npmjs.org/color-name/-/color-name-1.1.4.tgz",
      "integrity": "sha512-dOy+3AuW3a2wNbZHIuMZpTcgjGuLU/uBL/ubcZF9OXbDo8ff4O8yVp5Bf0efS8uEoYo5q4Fx7dY9OgQGXgAsQA==",
      "dev": true
    },
    "diff-sequences": {
      "version": "27.4.0",
      "resolved": "https://registry.npmjs.org/diff-sequences/-/diff-sequences-27.4.0.tgz",
      "integrity": "sha512-YqiQzkrsmHMH5uuh8OdQFU9/ZpADnwzml8z0O5HvRNda+5UZsaX/xN+AAxfR2hWq1Y7HZnAzO9J5lJXOuDz2Ww==",
      "dev": true
    },
    "has-flag": {
      "version": "4.0.0",
      "resolved": "https://registry.npmjs.org/has-flag/-/has-flag-4.0.0.tgz",
      "integrity": "sha512-EykJT/Q1KjTWctppgIAgfSO0tKVuZUjhgMr17kqTumMl6Afv3EISleU7qZUzoXDFTAHTDC4NOoG/ZxU3EvlMPQ==",
      "dev": true
    },
    "jest-diff": {
      "version": "27.4.6",
      "resolved": "https://registry.npmjs.org/jest-diff/-/jest-diff-27.4.6.tgz",
      "integrity": "sha512-zjaB0sh0Lb13VyPsd92V7HkqF6yKRH9vm33rwBt7rPYrpQvS1nCvlIy2pICbKta+ZjWngYLNn4cCK4nyZkjS/w==",
      "dev": true,
      "requires": {
        "chalk": "^4.0.0",
        "diff-sequences": "^27.4.0",
        "jest-get-type": "^27.4.0",
        "pretty-format": "^27.4.6"
      }
    },
    "jest-get-type": {
      "version": "27.4.0",
      "resolved": "https://registry.npmjs.org/jest-get-type/-/jest-get-type-27.4.0.tgz",
      "integrity": "sha512-tk9o+ld5TWq41DkK14L4wox4s2D9MtTpKaAVzXfr5CUKm5ZK2ExcaFE0qls2W71zE/6R2TxxrK9w2r6svAFDBQ==",
      "dev": true
    },
    "pretty-format": {
      "version": "27.4.6",
      "resolved": "https://registry.npmjs.org/pretty-format/-/pretty-format-27.4.6.tgz",
      "integrity": "sha512-NblstegA1y/RJW2VyML+3LlpFjzx62cUrtBIKIWDXEDkjNeleA7Od7nrzcs/VLQvAeV4CgSYhrN39DRN88Qi/g==",
      "dev": true,
      "requires": {
        "ansi-regex": "^5.0.1",
        "ansi-styles": "^5.0.0",
        "react-is": "^17.0.1"
      },
      "dependencies": {
        "ansi-styles": {
          "version": "5.2.0",
          "resolved": "https://registry.npmjs.org/ansi-styles/-/ansi-styles-5.2.0.tgz",
          "integrity": "sha512-Cxwpt2SfTzTtXcfOlzGEee8O+c+MmUgGrNiBcXnuWxuFJHe6a5Hz7qwhwe5OgaSYI0IJvkLqWX1ASG+cJOkEiA==",
          "dev": true
        }
      }
    },
    "react-is": {
      "version": "17.0.2",
      "resolved": "https://registry.npmjs.org/react-is/-/react-is-17.0.2.tgz",
      "integrity": "sha512-w2GsyukL62IJnlaff/nRegPQR94C/XXamvMWmSHRJ4y7Ts/4ocGRmTHvOs8PSE6pB3dWOrD/nueuU5sduBsQ4w==",
      "dev": true
    },
    "supports-color": {
      "version": "7.2.0",
      "resolved": "https://registry.npmjs.org/supports-color/-/supports-color-7.2.0.tgz",
      "integrity": "sha512-qpCAvRl9stuOHveKsn7HncJRvv501qIacKzQlO/+Lwxc9+0q2wLyv4Dfvt80/DPn2pqOBsJdDiogXGR9+OvwRw==",
      "dev": true,
      "requires": {
        "has-flag": "^4.0.0"
      }
    }
  }
}
